
Microsoft Visual Studio Solution File, Format Version 12.00
# Visual Studio Version 16
VisualStudioVersion = 16.0.30406.217
MinimumVisualStudioVersion = 10.0.40219.1
Project("{FAE04EC0-301F-11D3-BF4B-00C04F79EFBC}") = "EX24poppo", "EX24poppo\EX24poppo.csproj", "{37A21BFF-025E-46B8-B704-B79E72EC6311}"
EndProject
Global
	GlobalSection(SolutionConfigurationPlatforms) = preSolution
		Debug|Any CPU = Debug|Any CPU
		Release|Any CPU = Release|Any CPU
	EndGlobalSection
	GlobalSection(ProjectConfigurationPlatforms) = postSolution
		{37A21BFF-025E-46B8-B704-B79E72EC6311}.Debug|Any CPU.ActiveCfg = Debug|Any CPU
		{37A21BFF-025E-46B8-B704-B79E72EC6311}.Debug|Any CPU.Build.0 = Debug|Any CPU
		{37A21BFF-025E-46B8-B704-B79E72EC6311}.Release|Any CPU.ActiveCfg = Release|Any CPU
		{37A21BFF-025E-46B8-B704-B79E72EC6311}.Release|Any CPU.Build.0 = Release|Any CPU
	EndGlobalSection
	GlobalSection(SolutionProperties) = preSolution
		HideSolutionNode = FALSE
	EndGlobalSection
	GlobalSection(ExtensibilityGlobals) = postSolution
		SolutionGuid = {ABEA910B-46EC-4159-A2D1-DEFB46207F37}
	EndGlobalSection
EndGlobal
